schema: '2.0'
stages:
  prepare:
    cmd: python src/prepare.py data/raw/global_graduate_employability_index.csv 
      data/prepared
    deps:
    - path: data/raw/global_graduate_employability_index.csv
      hash: md5
      md5: 2dc3df4112574c2b1d28133ff96e5860
      size: 611569
    - path: src/prepare.py
      hash: md5
      md5: 20b662dc419d3a64cd4e121a41d830cb
      size: 2536
    outs:
    - path: data/prepared
      hash: md5
      md5: 6d382278b93119bea323027c307cc717.dir
      size: 3205356
      nfiles: 4
  train:
    cmd: python src/train.py data/prepared data/models
    deps:
    - path: data/prepared
      hash: md5
      md5: 6d382278b93119bea323027c307cc717.dir
      size: 3205356
      nfiles: 4
    - path: params.yaml
      hash: md5
      md5: c964eda99baecd37edea71bc86b9d80e
      size: 43
    - path: src/train.py
      hash: md5
      md5: 5a3cb09c63e1098273070be9909723e5
      size: 6439
    params:
      params.yaml:
        train.max_depth: 5
        train.n_estimators: 100
    outs:
    - path: data/models
      hash: md5
      md5: 10ad80554b89256c05a9f438b57dbd92.dir
      size: 484945
      nfiles: 1
